
Microsoft Visual Studio Solution File, Format Version 12.00
# Visual Studio 15
VisualStudioVersion = 15.0.26124.0
MinimumVisualStudioVersion = 15.0.26124.0
Project("{2150E333-8FDC-42A3-9474-1A3956D46DE8}") = "src", "src", "{A37B1D10-8037-4874-B40F-8B711D0DAFB1}"
EndProject
Project("{FAE04EC0-301F-11D3-BF4B-00C04F79EFBC}") = "FakeXrmEasy.Abstractions", "src\FakeXrmEasy.Abstractions\FakeXrmEasy.Abstractions.csproj", "{86D7E0AA-A92E-4C6B-A358-4D1063E6AFD4}"
EndProject
Project("{2150E333-8FDC-42A3-9474-1A3956D46DE8}") = "tests", "tests", "{A09BDFE3-C6EA-4369-A2A7-B468B586AED3}"
EndProject
Project("{FAE04EC0-301F-11D3-BF4B-00C04F79EFBC}") = "FakeXrmEasy.Abstractions.Tests", "tests\FakeXrmEasy.Abstractions.Tests\FakeXrmEasy.Abstractions.Tests.csproj", "{A546F72D-AAF1-4FEC-A8B0-68D53E022BBF}"
EndProject
Global
	GlobalSection(SolutionConfigurationPlatforms) = preSolution
		Debug|Any CPU = Debug|Any CPU
		Debug|x64 = Debug|x64
		Debug|x86 = Debug|x86
		Release|Any CPU = Release|Any CPU
		Release|x64 = Release|x64
		Release|x86 = Release|x86
	EndGlobalSection
	GlobalSection(SolutionProperties) = preSolution
		HideSolutionNode = FALSE
	EndGlobalSection
	GlobalSection(ProjectConfigurationPlatforms) = postSolution
		{86D7E0AA-A92E-4C6B-A358-4D1063E6AFD4}.Debug|Any CPU.ActiveCfg = Debug|Any CPU
		{86D7E0AA-A92E-4C6B-A358-4D1063E6AFD4}.Debug|Any CPU.Build.0 = Debug|Any CPU
		{86D7E0AA-A92E-4C6B-A358-4D1063E6AFD4}.Debug|x64.ActiveCfg = Debug|Any CPU
		{86D7E0AA-A92E-4C6B-A358-4D1063E6AFD4}.Debug|x64.Build.0 = Debug|Any CPU
		{86D7E0AA-A92E-4C6B-A358-4D1063E6AFD4}.Debug|x86.ActiveCfg = Debug|Any CPU
		{86D7E0AA-A92E-4C6B-A358-4D1063E6AFD4}.Debug|x86.Build.0 = Debug|Any CPU
		{86D7E0AA-A92E-4C6B-A358-4D1063E6AFD4}.Release|Any CPU.ActiveCfg = Release|Any CPU
		{86D7E0AA-A92E-4C6B-A358-4D1063E6AFD4}.Release|Any CPU.Build.0 = Release|Any CPU
		{86D7E0AA-A92E-4C6B-A358-4D1063E6AFD4}.Release|x64.ActiveCfg = Release|Any CPU
		{86D7E0AA-A92E-4C6B-A358-4D1063E6AFD4}.Release|x64.Build.0 = Release|Any CPU
		{86D7E0AA-A92E-4C6B-A358-4D1063E6AFD4}.Release|x86.ActiveCfg = Release|Any CPU
		{86D7E0AA-A92E-4C6B-A358-4D1063E6AFD4}.Release|x86.Build.0 = Release|Any CPU
		{A546F72D-AAF1-4FEC-A8B0-68D53E022BBF}.Debug|Any CPU.ActiveCfg = Debug|Any CPU
		{A546F72D-AAF1-4FEC-A8B0-68D53E022BBF}.Debug|Any CPU.Build.0 = Debug|Any CPU
		{A546F72D-AAF1-4FEC-A8B0-68D53E022BBF}.Debug|x64.ActiveCfg = Debug|Any CPU
		{A546F72D-AAF1-4FEC-A8B0-68D53E022BBF}.Debug|x64.Build.0 = Debug|Any CPU
		{A546F72D-AAF1-4FEC-A8B0-68D53E022BBF}.Debug|x86.ActiveCfg = Debug|Any CPU
		{A546F72D-AAF1-4FEC-A8B0-68D53E022BBF}.Debug|x86.Build.0 = Debug|Any CPU
		{A546F72D-AAF1-4FEC-A8B0-68D53E022BBF}.Release|Any CPU.ActiveCfg = Release|Any CPU
		{A546F72D-AAF1-4FEC-A8B0-68D53E022BBF}.Release|Any CPU.Build.0 = Release|Any CPU
		{A546F72D-AAF1-4FEC-A8B0-68D53E022BBF}.Release|x64.ActiveCfg = Release|Any CPU
		{A546F72D-AAF1-4FEC-A8B0-68D53E022BBF}.Release|x64.Build.0 = Release|Any CPU
		{A546F72D-AAF1-4FEC-A8B0-68D53E022BBF}.Release|x86.ActiveCfg = Release|Any CPU
		{A546F72D-AAF1-4FEC-A8B0-68D53E022BBF}.Release|x86.Build.0 = Release|Any CPU
	EndGlobalSection
	GlobalSection(NestedProjects) = preSolution
		{86D7E0AA-A92E-4C6B-A358-4D1063E6AFD4} = {A37B1D10-8037-4874-B40F-8B711D0DAFB1}
		{A546F72D-AAF1-4FEC-A8B0-68D53E022BBF} = {A09BDFE3-C6EA-4369-A2A7-B468B586AED3}
	EndGlobalSection
EndGlobal
