
Microsoft Visual Studio Solution File, Format Version 12.00
# Visual Studio Version 16
VisualStudioVersion = 16.0.30204.135
MinimumVisualStudioVersion = 15.0.26124.0
Project("{2150E333-8FDC-42A3-9474-1A3956D46DE8}") = "src", "src", "{A37B1D10-8037-4874-B40F-8B711D0DAFB1}"
EndProject
Project("{9A19103F-16F7-4668-BE54-9A1E7A4F7556}") = "FakeXrmEasy.Abstractions", "src\FakeXrmEasy.Abstractions\FakeXrmEasy.Abstractions.csproj", "{86D7E0AA-A92E-4C6B-A358-4D1063E6AFD4}"
EndProject
Project("{2150E333-8FDC-42A3-9474-1A3956D46DE8}") = "tests", "tests", "{A09BDFE3-C6EA-4369-A2A7-B468B586AED3}"
EndProject
Project("{9A19103F-16F7-4668-BE54-9A1E7A4F7556}") = "FakeXrmEasy.Abstractions.Tests", "tests\FakeXrmEasy.Abstractions.Tests\FakeXrmEasy.Abstractions.Tests.csproj", "{A546F72D-AAF1-4FEC-A8B0-68D53E022BBF}"
EndProject
Project("{2150E333-8FDC-42A3-9474-1A3956D46DE8}") = "Solution Items", "Solution Items", "{A2460CC7-C3C8-441E-BA6E-0EF1F27E56EE}"
	ProjectSection(SolutionItems) = preProject
		CHANGELOG.md = CHANGELOG.md
		build.ps1 = build.ps1
		clean.ps1 = clean.ps1
	EndProjectSection
EndProject
Global
	GlobalSection(SolutionConfigurationPlatforms) = preSolution
		FAKE_XRM_EASY_2013|Any CPU = FAKE_XRM_EASY_2013|Any CPU
		FAKE_XRM_EASY_2013|x64 = FAKE_XRM_EASY_2013|x64
		FAKE_XRM_EASY_2013|x86 = FAKE_XRM_EASY_2013|x86
		FAKE_XRM_EASY_2015|Any CPU = FAKE_XRM_EASY_2015|Any CPU
		FAKE_XRM_EASY_2015|x64 = FAKE_XRM_EASY_2015|x64
		FAKE_XRM_EASY_2015|x86 = FAKE_XRM_EASY_2015|x86
		FAKE_XRM_EASY_2016|Any CPU = FAKE_XRM_EASY_2016|Any CPU
		FAKE_XRM_EASY_2016|x64 = FAKE_XRM_EASY_2016|x64
		FAKE_XRM_EASY_2016|x86 = FAKE_XRM_EASY_2016|x86
		FAKE_XRM_EASY_365|Any CPU = FAKE_XRM_EASY_365|Any CPU
		FAKE_XRM_EASY_365|x64 = FAKE_XRM_EASY_365|x64
		FAKE_XRM_EASY_365|x86 = FAKE_XRM_EASY_365|x86
		FAKE_XRM_EASY_9|Any CPU = FAKE_XRM_EASY_9|Any CPU
		FAKE_XRM_EASY_9|x64 = FAKE_XRM_EASY_9|x64
		FAKE_XRM_EASY_9|x86 = FAKE_XRM_EASY_9|x86
		FAKE_XRM_EASY|Any CPU = FAKE_XRM_EASY|Any CPU
		FAKE_XRM_EASY|x64 = FAKE_XRM_EASY|x64
		FAKE_XRM_EASY|x86 = FAKE_XRM_EASY|x86
	EndGlobalSection
	GlobalSection(ProjectConfigurationPlatforms) = postSolution
		{86D7E0AA-A92E-4C6B-A358-4D1063E6AFD4}.FAKE_XRM_EASY_2013|Any CPU.ActiveCfg = FAKE_XRM_EASY_2013|Any CPU
		{86D7E0AA-A92E-4C6B-A358-4D1063E6AFD4}.FAKE_XRM_EASY_2013|Any CPU.Build.0 = FAKE_XRM_EASY_2013|Any CPU
		{86D7E0AA-A92E-4C6B-A358-4D1063E6AFD4}.FAKE_XRM_EASY_2013|x64.ActiveCfg = FAKE_XRM_EASY_2013|Any CPU
		{86D7E0AA-A92E-4C6B-A358-4D1063E6AFD4}.FAKE_XRM_EASY_2013|x64.Build.0 = FAKE_XRM_EASY_2013|Any CPU
		{86D7E0AA-A92E-4C6B-A358-4D1063E6AFD4}.FAKE_XRM_EASY_2013|x86.ActiveCfg = FAKE_XRM_EASY_2013|Any CPU
		{86D7E0AA-A92E-4C6B-A358-4D1063E6AFD4}.FAKE_XRM_EASY_2013|x86.Build.0 = FAKE_XRM_EASY_2013|Any CPU
		{86D7E0AA-A92E-4C6B-A358-4D1063E6AFD4}.FAKE_XRM_EASY_2015|Any CPU.ActiveCfg = FAKE_XRM_EASY_2015|Any CPU
		{86D7E0AA-A92E-4C6B-A358-4D1063E6AFD4}.FAKE_XRM_EASY_2015|Any CPU.Build.0 = FAKE_XRM_EASY_2015|Any CPU
		{86D7E0AA-A92E-4C6B-A358-4D1063E6AFD4}.FAKE_XRM_EASY_2015|x64.ActiveCfg = FAKE_XRM_EASY_2015|Any CPU
		{86D7E0AA-A92E-4C6B-A358-4D1063E6AFD4}.FAKE_XRM_EASY_2015|x64.Build.0 = FAKE_XRM_EASY_2015|Any CPU
		{86D7E0AA-A92E-4C6B-A358-4D1063E6AFD4}.FAKE_XRM_EASY_2015|x86.ActiveCfg = FAKE_XRM_EASY_2015|Any CPU
		{86D7E0AA-A92E-4C6B-A358-4D1063E6AFD4}.FAKE_XRM_EASY_2015|x86.Build.0 = FAKE_XRM_EASY_2015|Any CPU
		{86D7E0AA-A92E-4C6B-A358-4D1063E6AFD4}.FAKE_XRM_EASY_2016|Any CPU.ActiveCfg = FAKE_XRM_EASY_2016|Any CPU
		{86D7E0AA-A92E-4C6B-A358-4D1063E6AFD4}.FAKE_XRM_EASY_2016|Any CPU.Build.0 = FAKE_XRM_EASY_2016|Any CPU
		{86D7E0AA-A92E-4C6B-A358-4D1063E6AFD4}.FAKE_XRM_EASY_2016|x64.ActiveCfg = FAKE_XRM_EASY_2016|Any CPU
		{86D7E0AA-A92E-4C6B-A358-4D1063E6AFD4}.FAKE_XRM_EASY_2016|x64.Build.0 = FAKE_XRM_EASY_2016|Any CPU
		{86D7E0AA-A92E-4C6B-A358-4D1063E6AFD4}.FAKE_XRM_EASY_2016|x86.ActiveCfg = FAKE_XRM_EASY_2016|Any CPU
		{86D7E0AA-A92E-4C6B-A358-4D1063E6AFD4}.FAKE_XRM_EASY_2016|x86.Build.0 = FAKE_XRM_EASY_2016|Any CPU
		{86D7E0AA-A92E-4C6B-A358-4D1063E6AFD4}.FAKE_XRM_EASY_365|Any CPU.ActiveCfg = FAKE_XRM_EASY_365|Any CPU
		{86D7E0AA-A92E-4C6B-A358-4D1063E6AFD4}.FAKE_XRM_EASY_365|Any CPU.Build.0 = FAKE_XRM_EASY_365|Any CPU
		{86D7E0AA-A92E-4C6B-A358-4D1063E6AFD4}.FAKE_XRM_EASY_365|x64.ActiveCfg = FAKE_XRM_EASY_365|Any CPU
		{86D7E0AA-A92E-4C6B-A358-4D1063E6AFD4}.FAKE_XRM_EASY_365|x64.Build.0 = FAKE_XRM_EASY_365|Any CPU
		{86D7E0AA-A92E-4C6B-A358-4D1063E6AFD4}.FAKE_XRM_EASY_365|x86.ActiveCfg = FAKE_XRM_EASY_365|Any CPU
		{86D7E0AA-A92E-4C6B-A358-4D1063E6AFD4}.FAKE_XRM_EASY_365|x86.Build.0 = FAKE_XRM_EASY_365|Any CPU
		{86D7E0AA-A92E-4C6B-A358-4D1063E6AFD4}.FAKE_XRM_EASY_9|Any CPU.ActiveCfg = FAKE_XRM_EASY_9|Any CPU
		{86D7E0AA-A92E-4C6B-A358-4D1063E6AFD4}.FAKE_XRM_EASY_9|Any CPU.Build.0 = FAKE_XRM_EASY_9|Any CPU
		{86D7E0AA-A92E-4C6B-A358-4D1063E6AFD4}.FAKE_XRM_EASY_9|x64.ActiveCfg = FAKE_XRM_EASY_9|Any CPU
		{86D7E0AA-A92E-4C6B-A358-4D1063E6AFD4}.FAKE_XRM_EASY_9|x64.Build.0 = FAKE_XRM_EASY_9|Any CPU
		{86D7E0AA-A92E-4C6B-A358-4D1063E6AFD4}.FAKE_XRM_EASY_9|x86.ActiveCfg = FAKE_XRM_EASY_9|Any CPU
		{86D7E0AA-A92E-4C6B-A358-4D1063E6AFD4}.FAKE_XRM_EASY_9|x86.Build.0 = FAKE_XRM_EASY_9|Any CPU
		{86D7E0AA-A92E-4C6B-A358-4D1063E6AFD4}.FAKE_XRM_EASY|Any CPU.ActiveCfg = FAKE_XRM_EASY|Any CPU
		{86D7E0AA-A92E-4C6B-A358-4D1063E6AFD4}.FAKE_XRM_EASY|Any CPU.Build.0 = FAKE_XRM_EASY|Any CPU
		{86D7E0AA-A92E-4C6B-A358-4D1063E6AFD4}.FAKE_XRM_EASY|x64.ActiveCfg = FAKE_XRM_EASY|Any CPU
		{86D7E0AA-A92E-4C6B-A358-4D1063E6AFD4}.FAKE_XRM_EASY|x64.Build.0 = FAKE_XRM_EASY|Any CPU
		{86D7E0AA-A92E-4C6B-A358-4D1063E6AFD4}.FAKE_XRM_EASY|x86.ActiveCfg = FAKE_XRM_EASY|Any CPU
		{86D7E0AA-A92E-4C6B-A358-4D1063E6AFD4}.FAKE_XRM_EASY|x86.Build.0 = FAKE_XRM_EASY|Any CPU
		{A546F72D-AAF1-4FEC-A8B0-68D53E022BBF}.FAKE_XRM_EASY_2013|Any CPU.ActiveCfg = FAKE_XRM_EASY_2013|Any CPU
		{A546F72D-AAF1-4FEC-A8B0-68D53E022BBF}.FAKE_XRM_EASY_2013|Any CPU.Build.0 = FAKE_XRM_EASY_2013|Any CPU
		{A546F72D-AAF1-4FEC-A8B0-68D53E022BBF}.FAKE_XRM_EASY_2013|x64.ActiveCfg = FAKE_XRM_EASY_2013|Any CPU
		{A546F72D-AAF1-4FEC-A8B0-68D53E022BBF}.FAKE_XRM_EASY_2013|x64.Build.0 = FAKE_XRM_EASY_2013|Any CPU
		{A546F72D-AAF1-4FEC-A8B0-68D53E022BBF}.FAKE_XRM_EASY_2013|x86.ActiveCfg = FAKE_XRM_EASY_2013|Any CPU
		{A546F72D-AAF1-4FEC-A8B0-68D53E022BBF}.FAKE_XRM_EASY_2013|x86.Build.0 = FAKE_XRM_EASY_2013|Any CPU
		{A546F72D-AAF1-4FEC-A8B0-68D53E022BBF}.FAKE_XRM_EASY_2015|Any CPU.ActiveCfg = FAKE_XRM_EASY_2015|Any CPU
		{A546F72D-AAF1-4FEC-A8B0-68D53E022BBF}.FAKE_XRM_EASY_2015|Any CPU.Build.0 = FAKE_XRM_EASY_2015|Any CPU
		{A546F72D-AAF1-4FEC-A8B0-68D53E022BBF}.FAKE_XRM_EASY_2015|x64.ActiveCfg = FAKE_XRM_EASY_2015|Any CPU
		{A546F72D-AAF1-4FEC-A8B0-68D53E022BBF}.FAKE_XRM_EASY_2015|x64.Build.0 = FAKE_XRM_EASY_2015|Any CPU
		{A546F72D-AAF1-4FEC-A8B0-68D53E022BBF}.FAKE_XRM_EASY_2015|x86.ActiveCfg = FAKE_XRM_EASY_2015|Any CPU
		{A546F72D-AAF1-4FEC-A8B0-68D53E022BBF}.FAKE_XRM_EASY_2015|x86.Build.0 = FAKE_XRM_EASY_2015|Any CPU
		{A546F72D-AAF1-4FEC-A8B0-68D53E022BBF}.FAKE_XRM_EASY_2016|Any CPU.ActiveCfg = FAKE_XRM_EASY_2016|Any CPU
		{A546F72D-AAF1-4FEC-A8B0-68D53E022BBF}.FAKE_XRM_EASY_2016|Any CPU.Build.0 = FAKE_XRM_EASY_2016|Any CPU
		{A546F72D-AAF1-4FEC-A8B0-68D53E022BBF}.FAKE_XRM_EASY_2016|x64.ActiveCfg = FAKE_XRM_EASY_2016|Any CPU
		{A546F72D-AAF1-4FEC-A8B0-68D53E022BBF}.FAKE_XRM_EASY_2016|x64.Build.0 = FAKE_XRM_EASY_2016|Any CPU
		{A546F72D-AAF1-4FEC-A8B0-68D53E022BBF}.FAKE_XRM_EASY_2016|x86.ActiveCfg = FAKE_XRM_EASY_2016|Any CPU
		{A546F72D-AAF1-4FEC-A8B0-68D53E022BBF}.FAKE_XRM_EASY_2016|x86.Build.0 = FAKE_XRM_EASY_2016|Any CPU
		{A546F72D-AAF1-4FEC-A8B0-68D53E022BBF}.FAKE_XRM_EASY_365|Any CPU.ActiveCfg = FAKE_XRM_EASY_365|Any CPU
		{A546F72D-AAF1-4FEC-A8B0-68D53E022BBF}.FAKE_XRM_EASY_365|Any CPU.Build.0 = FAKE_XRM_EASY_365|Any CPU
		{A546F72D-AAF1-4FEC-A8B0-68D53E022BBF}.FAKE_XRM_EASY_365|x64.ActiveCfg = FAKE_XRM_EASY_365|Any CPU
		{A546F72D-AAF1-4FEC-A8B0-68D53E022BBF}.FAKE_XRM_EASY_365|x64.Build.0 = FAKE_XRM_EASY_365|Any CPU
		{A546F72D-AAF1-4FEC-A8B0-68D53E022BBF}.FAKE_XRM_EASY_365|x86.ActiveCfg = FAKE_XRM_EASY_365|Any CPU
		{A546F72D-AAF1-4FEC-A8B0-68D53E022BBF}.FAKE_XRM_EASY_365|x86.Build.0 = FAKE_XRM_EASY_365|Any CPU
		{A546F72D-AAF1-4FEC-A8B0-68D53E022BBF}.FAKE_XRM_EASY_9|Any CPU.ActiveCfg = FAKE_XRM_EASY_9|Any CPU
		{A546F72D-AAF1-4FEC-A8B0-68D53E022BBF}.FAKE_XRM_EASY_9|Any CPU.Build.0 = FAKE_XRM_EASY_9|Any CPU
		{A546F72D-AAF1-4FEC-A8B0-68D53E022BBF}.FAKE_XRM_EASY_9|x64.ActiveCfg = FAKE_XRM_EASY_9|Any CPU
		{A546F72D-AAF1-4FEC-A8B0-68D53E022BBF}.FAKE_XRM_EASY_9|x64.Build.0 = FAKE_XRM_EASY_9|Any CPU
		{A546F72D-AAF1-4FEC-A8B0-68D53E022BBF}.FAKE_XRM_EASY_9|x86.ActiveCfg = FAKE_XRM_EASY_9|Any CPU
		{A546F72D-AAF1-4FEC-A8B0-68D53E022BBF}.FAKE_XRM_EASY_9|x86.Build.0 = FAKE_XRM_EASY_9|Any CPU
		{A546F72D-AAF1-4FEC-A8B0-68D53E022BBF}.FAKE_XRM_EASY|Any CPU.ActiveCfg = FAKE_XRM_EASY|Any CPU
		{A546F72D-AAF1-4FEC-A8B0-68D53E022BBF}.FAKE_XRM_EASY|Any CPU.Build.0 = FAKE_XRM_EASY|Any CPU
		{A546F72D-AAF1-4FEC-A8B0-68D53E022BBF}.FAKE_XRM_EASY|x64.ActiveCfg = FAKE_XRM_EASY|Any CPU
		{A546F72D-AAF1-4FEC-A8B0-68D53E022BBF}.FAKE_XRM_EASY|x64.Build.0 = FAKE_XRM_EASY|Any CPU
		{A546F72D-AAF1-4FEC-A8B0-68D53E022BBF}.FAKE_XRM_EASY|x86.ActiveCfg = FAKE_XRM_EASY|Any CPU
		{A546F72D-AAF1-4FEC-A8B0-68D53E022BBF}.FAKE_XRM_EASY|x86.Build.0 = FAKE_XRM_EASY|Any CPU
	EndGlobalSection
	GlobalSection(SolutionProperties) = preSolution
		HideSolutionNode = FALSE
	EndGlobalSection
	GlobalSection(NestedProjects) = preSolution
		{86D7E0AA-A92E-4C6B-A358-4D1063E6AFD4} = {A37B1D10-8037-4874-B40F-8B711D0DAFB1}
		{A546F72D-AAF1-4FEC-A8B0-68D53E022BBF} = {A09BDFE3-C6EA-4369-A2A7-B468B586AED3}
	EndGlobalSection
	GlobalSection(ExtensibilityGlobals) = postSolution
		SolutionGuid = {68FCE26A-FC17-4731-A82E-BD95DF6CB444}
	EndGlobalSection
EndGlobal
